
Microsoft Visual Studio Solution File, Format Version 12.00
# Visual Studio Version 16
VisualStudioVersion = 16.0.30114.105
MinimumVisualStudioVersion = 10.0.40219.1
Project("{9A19103F-16F7-4668-BE54-9A1E7A4F7556}") = "FileOnQ.Imaging.Heif", "src\FileOnQ.Imaging.Heif\FileOnQ.Imaging.Heif.csproj", "{9AD1EDEC-092B-4086-B71F-1FA5C58BC59C}"
EndProject
Project("{2150E333-8FDC-42A3-9474-1A3956D46DE8}") = ".Solution Items", ".Solution Items", "{2DEB6E68-0A49-4956-93E3-93557F4F368D}"
	ProjectSection(SolutionItems) = preProject
		.editorconfig = .editorconfig
		.gitignore = .gitignore
		NuGet.config = NuGet.config
		README.md = README.md
	EndProjectSection
EndProject
Project("{2150E333-8FDC-42A3-9474-1A3956D46DE8}") = ".Build", ".Build", "{4457DFF1-DAC5-40AD-8E7B-E72A47AB9D7D}"
	ProjectSection(SolutionItems) = preProject
		build.cake = build.cake
		build\clean.cake = build\clean.cake
		build\libheif.bat = build\libheif.bat
		build\libjpeg-turbo.bat = build\libjpeg-turbo.bat
		build\pack.cake = build\pack.cake
	EndProjectSection
EndProject
Project("{2150E333-8FDC-42A3-9474-1A3956D46DE8}") = "Samples", "Samples", "{3EF903A9-C6EE-4846-919B-0A31F52DFAEC}"
EndProject
Project("{9A19103F-16F7-4668-BE54-9A1E7A4F7556}") = "ConsoleApp", "samples\ConsoleApp\ConsoleApp.csproj", "{1B8CAC04-71C4-4FB4-9F0C-A4CE113932D8}"
EndProject
Project("{8BC9CEB8-8B4A-11D0-8D11-00A0C91BC942}") = "FileOnQ.Imaging.Heif.Encoders", "src\FileOnQ.Imaging.Heif.Encoders\FileOnQ.Imaging.Heif.Encoders.vcxproj", "{09C5AF2A-3783-4195-BE48-334ADC7BF3BD}"
EndProject
Global
	GlobalSection(SolutionConfigurationPlatforms) = preSolution
		Debug|Any CPU = Debug|Any CPU
		Debug|x64 = Debug|x64
		Debug|x86 = Debug|x86
		Release|Any CPU = Release|Any CPU
		Release|x64 = Release|x64
		Release|x86 = Release|x86
	EndGlobalSection
	GlobalSection(ProjectConfigurationPlatforms) = postSolution
		{9AD1EDEC-092B-4086-B71F-1FA5C58BC59C}.Debug|Any CPU.ActiveCfg = Debug|Any CPU
		{9AD1EDEC-092B-4086-B71F-1FA5C58BC59C}.Debug|Any CPU.Build.0 = Debug|Any CPU
		{9AD1EDEC-092B-4086-B71F-1FA5C58BC59C}.Debug|x64.ActiveCfg = Debug|Any CPU
		{9AD1EDEC-092B-4086-B71F-1FA5C58BC59C}.Debug|x64.Build.0 = Debug|Any CPU
		{9AD1EDEC-092B-4086-B71F-1FA5C58BC59C}.Debug|x86.ActiveCfg = Debug|Any CPU
		{9AD1EDEC-092B-4086-B71F-1FA5C58BC59C}.Debug|x86.Build.0 = Debug|Any CPU
		{9AD1EDEC-092B-4086-B71F-1FA5C58BC59C}.Release|Any CPU.ActiveCfg = Release|Any CPU
		{9AD1EDEC-092B-4086-B71F-1FA5C58BC59C}.Release|Any CPU.Build.0 = Release|Any CPU
		{9AD1EDEC-092B-4086-B71F-1FA5C58BC59C}.Release|x64.ActiveCfg = Release|Any CPU
		{9AD1EDEC-092B-4086-B71F-1FA5C58BC59C}.Release|x64.Build.0 = Release|Any CPU
		{9AD1EDEC-092B-4086-B71F-1FA5C58BC59C}.Release|x86.ActiveCfg = Release|Any CPU
		{9AD1EDEC-092B-4086-B71F-1FA5C58BC59C}.Release|x86.Build.0 = Release|Any CPU
		{1B8CAC04-71C4-4FB4-9F0C-A4CE113932D8}.Debug|Any CPU.ActiveCfg = Debug|Any CPU
		{1B8CAC04-71C4-4FB4-9F0C-A4CE113932D8}.Debug|Any CPU.Build.0 = Debug|Any CPU
		{1B8CAC04-71C4-4FB4-9F0C-A4CE113932D8}.Debug|x64.ActiveCfg = Debug|Any CPU
		{1B8CAC04-71C4-4FB4-9F0C-A4CE113932D8}.Debug|x64.Build.0 = Debug|Any CPU
		{1B8CAC04-71C4-4FB4-9F0C-A4CE113932D8}.Debug|x86.ActiveCfg = Debug|Any CPU
		{1B8CAC04-71C4-4FB4-9F0C-A4CE113932D8}.Debug|x86.Build.0 = Debug|Any CPU
		{1B8CAC04-71C4-4FB4-9F0C-A4CE113932D8}.Release|Any CPU.ActiveCfg = Release|Any CPU
		{1B8CAC04-71C4-4FB4-9F0C-A4CE113932D8}.Release|Any CPU.Build.0 = Release|Any CPU
		{1B8CAC04-71C4-4FB4-9F0C-A4CE113932D8}.Release|x64.ActiveCfg = Release|Any CPU
		{1B8CAC04-71C4-4FB4-9F0C-A4CE113932D8}.Release|x64.Build.0 = Release|Any CPU
		{1B8CAC04-71C4-4FB4-9F0C-A4CE113932D8}.Release|x86.ActiveCfg = Release|Any CPU
		{1B8CAC04-71C4-4FB4-9F0C-A4CE113932D8}.Release|x86.Build.0 = Release|Any CPU
		{09C5AF2A-3783-4195-BE48-334ADC7BF3BD}.Debug|Any CPU.ActiveCfg = Debug|Win32
		{09C5AF2A-3783-4195-BE48-334ADC7BF3BD}.Debug|x64.ActiveCfg = Debug|x64
		{09C5AF2A-3783-4195-BE48-334ADC7BF3BD}.Debug|x64.Build.0 = Debug|x64
		{09C5AF2A-3783-4195-BE48-334ADC7BF3BD}.Debug|x86.ActiveCfg = Debug|Win32
		{09C5AF2A-3783-4195-BE48-334ADC7BF3BD}.Debug|x86.Build.0 = Debug|Win32
		{09C5AF2A-3783-4195-BE48-334ADC7BF3BD}.Release|Any CPU.ActiveCfg = Release|Win32
		{09C5AF2A-3783-4195-BE48-334ADC7BF3BD}.Release|x64.ActiveCfg = Release|x64
		{09C5AF2A-3783-4195-BE48-334ADC7BF3BD}.Release|x64.Build.0 = Release|x64
		{09C5AF2A-3783-4195-BE48-334ADC7BF3BD}.Release|x86.ActiveCfg = Release|Win32
		{09C5AF2A-3783-4195-BE48-334ADC7BF3BD}.Release|x86.Build.0 = Release|Win32
	EndGlobalSection
	GlobalSection(SolutionProperties) = preSolution
		HideSolutionNode = FALSE
	EndGlobalSection
	GlobalSection(NestedProjects) = preSolution
		{1B8CAC04-71C4-4FB4-9F0C-A4CE113932D8} = {3EF903A9-C6EE-4846-919B-0A31F52DFAEC}
	EndGlobalSection
	GlobalSection(ExtensibilityGlobals) = postSolution
		SolutionGuid = {AF811503-BFBF-48C0-AFBA-872CBA57D6F2}
	EndGlobalSection
EndGlobal
