
Microsoft Visual Studio Solution File, Format Version 12.00
# Visual Studio Version 17
VisualStudioVersion = 17.13.35828.75 d17.13
MinimumVisualStudioVersion = 10.0.40219.1
Project("{9A19103F-16F7-4668-BE54-9A1E7A4F7556}") = "FileOnQ.Imaging.Heif", "src\FileOnQ.Imaging.Heif\FileOnQ.Imaging.Heif.csproj", "{9AD1EDEC-092B-4086-B71F-1FA5C58BC59C}"
EndProject
Project("{2150E333-8FDC-42A3-9474-1A3956D46DE8}") = ".Solution Items", ".Solution Items", "{2DEB6E68-0A49-4956-93E3-93557F4F368D}"
	ProjectSection(SolutionItems) = preProject
		.editorconfig = .editorconfig
		.gitignore = .gitignore
		NuGet.config = NuGet.config
		README.md = README.md
	EndProjectSection
EndProject
Project("{2150E333-8FDC-42A3-9474-1A3956D46DE8}") = ".Build", ".Build", "{4457DFF1-DAC5-40AD-8E7B-E72A47AB9D7D}"
	ProjectSection(SolutionItems) = preProject
		build\dav1d.bat = build\dav1d.bat
		build\encoders.bat = build\encoders.bat
		build\libheif.bat = build\libheif.bat
		build\libjpeg-turbo.bat = build\libjpeg-turbo.bat
		build\nuget-local.props = build\nuget-local.props
	EndProjectSection
EndProject
Project("{2150E333-8FDC-42A3-9474-1A3956D46DE8}") = "Samples", "Samples", "{3EF903A9-C6EE-4846-919B-0A31F52DFAEC}"
EndProject
Project("{2150E333-8FDC-42A3-9474-1A3956D46DE8}") = "ConsoleApp", "ConsoleApp", "{FB7CB06D-2D84-4A04-BE62-EF54E2DC44A9}"
EndProject
Project("{9A19103F-16F7-4668-BE54-9A1E7A4F7556}") = "ConsoleApp.net5.AnyCPU", "samples\ConsoleApp\ConsoleApp.net5.AnyCPU\ConsoleApp.net5.AnyCPU.csproj", "{3D96E2F6-D66F-47A5-9A8B-421F2B3DA310}"
EndProject
Project("{9A19103F-16F7-4668-BE54-9A1E7A4F7556}") = "ConsoleApp.net5.x64", "samples\ConsoleApp\ConsoleApp.net5.x64\ConsoleApp.net5.x64.csproj", "{836D4878-B6F6-4C62-9F5B-807785B29E34}"
EndProject
Project("{9A19103F-16F7-4668-BE54-9A1E7A4F7556}") = "ConsoleApp.net5.x86", "samples\ConsoleApp\ConsoleApp.net5.x86\ConsoleApp.net5.x86.csproj", "{54CC71E7-1EE6-4214-B435-21E41B1C0053}"
EndProject
Project("{9A19103F-16F7-4668-BE54-9A1E7A4F7556}") = "ConsoleApp.net48.AnyCPU", "samples\ConsoleApp\ConsoleApp.net48.AnyCPU\ConsoleApp.net48.AnyCPU.csproj", "{7E516116-CBF9-4D83-B4B2-E1C0AC1B7074}"
EndProject
Project("{9A19103F-16F7-4668-BE54-9A1E7A4F7556}") = "ConsoleApp.net48.x64", "samples\ConsoleApp\ConsoleApp.net48.x64\ConsoleApp.net48.x64.csproj", "{DB6160F1-37A7-4096-8E02-9748D6225EFE}"
EndProject
Project("{9A19103F-16F7-4668-BE54-9A1E7A4F7556}") = "ConsoleApp.net48.x86", "samples\ConsoleApp\ConsoleApp.net48.x86\ConsoleApp.net48.x86.csproj", "{3423F1F2-984A-4946-AE90-8553413BBBDD}"
EndProject
Project("{D954291E-2A0B-460D-934E-DC6B0785DB48}") = "ConsoleApp.Shared", "samples\ConsoleApp\ConsoleApp.Shared\ConsoleApp.Shared.shproj", "{F10EA7DA-142C-42DB-A8CB-817F81A4A9E1}"
EndProject
Project("{2150E333-8FDC-42A3-9474-1A3956D46DE8}") = "Tests", "Tests", "{497BC6C8-24A5-4713-8F10-EC2F873DF4E9}"
EndProject
Project("{D954291E-2A0B-460D-934E-DC6B0785DB48}") = "FileOnQ.Imaging.Heif.Tests", "tests\FileOnQ.Imaging.Heif.Tests\FileOnQ.Imaging.Heif.Tests.shproj", "{C5C19CD4-383D-4A2C-B55E-D3B8FF611A2D}"
EndProject
Project("{9A19103F-16F7-4668-BE54-9A1E7A4F7556}") = "FileOnQ.Imaging.Heif.Tests.AnyCPU", "tests\FileOnQ.Imaging.Heif.Tests.AnyCPU\FileOnQ.Imaging.Heif.Tests.AnyCPU.csproj", "{255253A7-7608-4870-93D0-78008BCFCC28}"
EndProject
Project("{9A19103F-16F7-4668-BE54-9A1E7A4F7556}") = "FileOnQ.Imaging.Heif.Tests.x86", "tests\FileOnQ.Imaging.Heif.Tests.x86\FileOnQ.Imaging.Heif.Tests.x86.csproj", "{2DD69F56-35EC-4D14-A1BF-B93B19750F69}"
EndProject
Project("{9A19103F-16F7-4668-BE54-9A1E7A4F7556}") = "FileOnQ.Imaging.Heif.Tests.x64", "tests\FileOnQ.Imaging.Heif.Tests.x64\FileOnQ.Imaging.Heif.Tests.x64.csproj", "{52EBF464-611C-4F0D-8263-77A2C7001B13}"
EndProject
Project("{2150E333-8FDC-42A3-9474-1A3956D46DE8}") = "Benchmarks", "Benchmarks", "{A4396AB5-9EE2-4B42-AB2A-0D9A12927E92}"
EndProject
Project("{2150E333-8FDC-42A3-9474-1A3956D46DE8}") = "WinformsApp", "WinformsApp", "{82567CD8-0E98-4DB7-AB73-4FE05DDC0A34}"
EndProject
Project("{9A19103F-16F7-4668-BE54-9A1E7A4F7556}") = "WinformsApp.net48", "samples\WinformsApp\WinformsApp.net48\WinformsApp.net48.csproj", "{BF6E7601-6F35-497F-89B1-9303B287914F}"
EndProject
Project("{9A19103F-16F7-4668-BE54-9A1E7A4F7556}") = "WinformsApp.net5", "samples\WinformsApp\WinformsApp.net5\WinformsApp.net5.csproj", "{82B54D1F-F988-480E-A30A-AE12C9FA3136}"
EndProject
Project("{9A19103F-16F7-4668-BE54-9A1E7A4F7556}") = "ConsoleApp.net6.x86", "samples\ConsoleApp\ConsoleApp.net6.x86\ConsoleApp.net6.x86.csproj", "{1E597879-FED0-47BD-8710-78330D370699}"
EndProject
Project("{9A19103F-16F7-4668-BE54-9A1E7A4F7556}") = "ConsoleApp.net6.x64", "samples\ConsoleApp\ConsoleApp.net6.x64\ConsoleApp.net6.x64.csproj", "{FC3E32EA-710C-4440-BDDB-85F5CF1E0D95}"
EndProject
Project("{9A19103F-16F7-4668-BE54-9A1E7A4F7556}") = "ConsoleApp.net6.AnyCPU", "samples\ConsoleApp\ConsoleApp.net6.AnyCPU\ConsoleApp.net6.AnyCPU.csproj", "{595E88F2-B685-46BB-A9C7-538C1D8F7708}"
EndProject
Project("{9A19103F-16F7-4668-BE54-9A1E7A4F7556}") = "WinformsApp.net6", "samples\WinformsApp\WinformsApp.net6\WinformsApp.net6.csproj", "{B7C0A4F0-6181-432B-80B7-81AA1C41A628}"
EndProject
Project("{2150E333-8FDC-42A3-9474-1A3956D46DE8}") = ".github", ".github", "{54326C49-9DAE-4EA3-8B33-C9CCFB2CAECF}"
	ProjectSection(SolutionItems) = preProject
		.github\pull_request_template.md = .github\pull_request_template.md
	EndProjectSection
EndProject
Project("{2150E333-8FDC-42A3-9474-1A3956D46DE8}") = "workflows", "workflows", "{4B7D008C-B948-4EA6-8C65-336896A8BD3F}"
	ProjectSection(SolutionItems) = preProject
		.github\workflows\benchmark.yml = .github\workflows\benchmark.yml
		.github\workflows\build_main.yml = .github\workflows\build_main.yml
		.github\workflows\build_pr.yml = .github\workflows\build_pr.yml
	EndProjectSection
EndProject
Project("{9A19103F-16F7-4668-BE54-9A1E7A4F7556}") = "FileOnQ.Imaging.Heif.Benchmarks", "benchmarks\tools\FileOnQ.Imaging.Heif.Benchmarks.csproj", "{5E8DF849-30D0-460A-81CB-C343D4D5536B}"
EndProject
Global
	GlobalSection(SolutionConfigurationPlatforms) = preSolution
		Debug|Any CPU = Debug|Any CPU
		Debug|x64 = Debug|x64
		Debug|x86 = Debug|x86
		Release|Any CPU = Release|Any CPU
		Release|x64 = Release|x64
		Release|x86 = Release|x86
	EndGlobalSection
	GlobalSection(ProjectConfigurationPlatforms) = postSolution
		{9AD1EDEC-092B-4086-B71F-1FA5C58BC59C}.Debug|Any CPU.ActiveCfg = Debug|Any CPU
		{9AD1EDEC-092B-4086-B71F-1FA5C58BC59C}.Debug|Any CPU.Build.0 = Debug|Any CPU
		{9AD1EDEC-092B-4086-B71F-1FA5C58BC59C}.Debug|x64.ActiveCfg = Debug|Any CPU
		{9AD1EDEC-092B-4086-B71F-1FA5C58BC59C}.Debug|x64.Build.0 = Debug|Any CPU
		{9AD1EDEC-092B-4086-B71F-1FA5C58BC59C}.Debug|x86.ActiveCfg = Debug|Any CPU
		{9AD1EDEC-092B-4086-B71F-1FA5C58BC59C}.Debug|x86.Build.0 = Debug|Any CPU
		{9AD1EDEC-092B-4086-B71F-1FA5C58BC59C}.Release|Any CPU.ActiveCfg = Release|Any CPU
		{9AD1EDEC-092B-4086-B71F-1FA5C58BC59C}.Release|Any CPU.Build.0 = Release|Any CPU
		{9AD1EDEC-092B-4086-B71F-1FA5C58BC59C}.Release|x64.ActiveCfg = Release|Any CPU
		{9AD1EDEC-092B-4086-B71F-1FA5C58BC59C}.Release|x64.Build.0 = Release|Any CPU
		{9AD1EDEC-092B-4086-B71F-1FA5C58BC59C}.Release|x86.ActiveCfg = Release|Any CPU
		{9AD1EDEC-092B-4086-B71F-1FA5C58BC59C}.Release|x86.Build.0 = Release|Any CPU
		{3D96E2F6-D66F-47A5-9A8B-421F2B3DA310}.Debug|Any CPU.ActiveCfg = Debug|Any CPU
		{3D96E2F6-D66F-47A5-9A8B-421F2B3DA310}.Debug|Any CPU.Build.0 = Debug|Any CPU
		{3D96E2F6-D66F-47A5-9A8B-421F2B3DA310}.Debug|x64.ActiveCfg = Debug|Any CPU
		{3D96E2F6-D66F-47A5-9A8B-421F2B3DA310}.Debug|x64.Build.0 = Debug|Any CPU
		{3D96E2F6-D66F-47A5-9A8B-421F2B3DA310}.Debug|x86.ActiveCfg = Debug|Any CPU
		{3D96E2F6-D66F-47A5-9A8B-421F2B3DA310}.Debug|x86.Build.0 = Debug|Any CPU
		{3D96E2F6-D66F-47A5-9A8B-421F2B3DA310}.Release|Any CPU.ActiveCfg = Release|Any CPU
		{3D96E2F6-D66F-47A5-9A8B-421F2B3DA310}.Release|Any CPU.Build.0 = Release|Any CPU
		{3D96E2F6-D66F-47A5-9A8B-421F2B3DA310}.Release|x64.ActiveCfg = Release|Any CPU
		{3D96E2F6-D66F-47A5-9A8B-421F2B3DA310}.Release|x64.Build.0 = Release|Any CPU
		{3D96E2F6-D66F-47A5-9A8B-421F2B3DA310}.Release|x86.ActiveCfg = Release|Any CPU
		{3D96E2F6-D66F-47A5-9A8B-421F2B3DA310}.Release|x86.Build.0 = Release|Any CPU
		{836D4878-B6F6-4C62-9F5B-807785B29E34}.Debug|Any CPU.ActiveCfg = Debug|x64
		{836D4878-B6F6-4C62-9F5B-807785B29E34}.Debug|Any CPU.Build.0 = Debug|x64
		{836D4878-B6F6-4C62-9F5B-807785B29E34}.Debug|x64.ActiveCfg = Debug|x64
		{836D4878-B6F6-4C62-9F5B-807785B29E34}.Debug|x64.Build.0 = Debug|x64
		{836D4878-B6F6-4C62-9F5B-807785B29E34}.Debug|x86.ActiveCfg = Debug|x64
		{836D4878-B6F6-4C62-9F5B-807785B29E34}.Release|Any CPU.ActiveCfg = Release|x64
		{836D4878-B6F6-4C62-9F5B-807785B29E34}.Release|Any CPU.Build.0 = Release|x64
		{836D4878-B6F6-4C62-9F5B-807785B29E34}.Release|x64.ActiveCfg = Release|x64
		{836D4878-B6F6-4C62-9F5B-807785B29E34}.Release|x64.Build.0 = Release|x64
		{836D4878-B6F6-4C62-9F5B-807785B29E34}.Release|x86.ActiveCfg = Release|x64
		{54CC71E7-1EE6-4214-B435-21E41B1C0053}.Debug|Any CPU.ActiveCfg = Debug|x86
		{54CC71E7-1EE6-4214-B435-21E41B1C0053}.Debug|Any CPU.Build.0 = Debug|x86
		{54CC71E7-1EE6-4214-B435-21E41B1C0053}.Debug|x64.ActiveCfg = Debug|x86
		{54CC71E7-1EE6-4214-B435-21E41B1C0053}.Debug|x86.ActiveCfg = Debug|x86
		{54CC71E7-1EE6-4214-B435-21E41B1C0053}.Debug|x86.Build.0 = Debug|x86
		{54CC71E7-1EE6-4214-B435-21E41B1C0053}.Release|Any CPU.ActiveCfg = Release|x86
		{54CC71E7-1EE6-4214-B435-21E41B1C0053}.Release|x64.ActiveCfg = Release|x86
		{54CC71E7-1EE6-4214-B435-21E41B1C0053}.Release|x86.ActiveCfg = Release|x86
		{54CC71E7-1EE6-4214-B435-21E41B1C0053}.Release|x86.Build.0 = Release|x86
		{7E516116-CBF9-4D83-B4B2-E1C0AC1B7074}.Debug|Any CPU.ActiveCfg = Debug|Any CPU
		{7E516116-CBF9-4D83-B4B2-E1C0AC1B7074}.Debug|Any CPU.Build.0 = Debug|Any CPU
		{7E516116-CBF9-4D83-B4B2-E1C0AC1B7074}.Debug|x64.ActiveCfg = Debug|Any CPU
		{7E516116-CBF9-4D83-B4B2-E1C0AC1B7074}.Debug|x64.Build.0 = Debug|Any CPU
		{7E516116-CBF9-4D83-B4B2-E1C0AC1B7074}.Debug|x86.ActiveCfg = Debug|Any CPU
		{7E516116-CBF9-4D83-B4B2-E1C0AC1B7074}.Debug|x86.Build.0 = Debug|Any CPU
		{7E516116-CBF9-4D83-B4B2-E1C0AC1B7074}.Release|Any CPU.ActiveCfg = Release|Any CPU
		{7E516116-CBF9-4D83-B4B2-E1C0AC1B7074}.Release|Any CPU.Build.0 = Release|Any CPU
		{7E516116-CBF9-4D83-B4B2-E1C0AC1B7074}.Release|x64.ActiveCfg = Release|Any CPU
		{7E516116-CBF9-4D83-B4B2-E1C0AC1B7074}.Release|x64.Build.0 = Release|Any CPU
		{7E516116-CBF9-4D83-B4B2-E1C0AC1B7074}.Release|x86.ActiveCfg = Release|Any CPU
		{7E516116-CBF9-4D83-B4B2-E1C0AC1B7074}.Release|x86.Build.0 = Release|Any CPU
		{DB6160F1-37A7-4096-8E02-9748D6225EFE}.Debug|Any CPU.ActiveCfg = Debug|x64
		{DB6160F1-37A7-4096-8E02-9748D6225EFE}.Debug|Any CPU.Build.0 = Debug|x64
		{DB6160F1-37A7-4096-8E02-9748D6225EFE}.Debug|x64.ActiveCfg = Debug|x64
		{DB6160F1-37A7-4096-8E02-9748D6225EFE}.Debug|x64.Build.0 = Debug|x64
		{DB6160F1-37A7-4096-8E02-9748D6225EFE}.Debug|x86.ActiveCfg = Debug|x64
		{DB6160F1-37A7-4096-8E02-9748D6225EFE}.Release|Any CPU.ActiveCfg = Release|x64
		{DB6160F1-37A7-4096-8E02-9748D6225EFE}.Release|Any CPU.Build.0 = Release|x64
		{DB6160F1-37A7-4096-8E02-9748D6225EFE}.Release|x64.ActiveCfg = Release|x64
		{DB6160F1-37A7-4096-8E02-9748D6225EFE}.Release|x64.Build.0 = Release|x64
		{DB6160F1-37A7-4096-8E02-9748D6225EFE}.Release|x86.ActiveCfg = Release|x64
		{3423F1F2-984A-4946-AE90-8553413BBBDD}.Debug|Any CPU.ActiveCfg = Debug|x86
		{3423F1F2-984A-4946-AE90-8553413BBBDD}.Debug|Any CPU.Build.0 = Debug|x86
		{3423F1F2-984A-4946-AE90-8553413BBBDD}.Debug|x64.ActiveCfg = Debug|x86
		{3423F1F2-984A-4946-AE90-8553413BBBDD}.Debug|x86.ActiveCfg = Debug|x86
		{3423F1F2-984A-4946-AE90-8553413BBBDD}.Debug|x86.Build.0 = Debug|x86
		{3423F1F2-984A-4946-AE90-8553413BBBDD}.Release|Any CPU.ActiveCfg = Release|x86
		{3423F1F2-984A-4946-AE90-8553413BBBDD}.Release|Any CPU.Build.0 = Release|x86
		{3423F1F2-984A-4946-AE90-8553413BBBDD}.Release|x64.ActiveCfg = Release|x86
		{3423F1F2-984A-4946-AE90-8553413BBBDD}.Release|x86.ActiveCfg = Release|x86
		{3423F1F2-984A-4946-AE90-8553413BBBDD}.Release|x86.Build.0 = Release|x86
		{255253A7-7608-4870-93D0-78008BCFCC28}.Debug|Any CPU.ActiveCfg = Debug|Any CPU
		{255253A7-7608-4870-93D0-78008BCFCC28}.Debug|Any CPU.Build.0 = Debug|Any CPU
		{255253A7-7608-4870-93D0-78008BCFCC28}.Debug|x64.ActiveCfg = Debug|Any CPU
		{255253A7-7608-4870-93D0-78008BCFCC28}.Debug|x64.Build.0 = Debug|Any CPU
		{255253A7-7608-4870-93D0-78008BCFCC28}.Debug|x86.ActiveCfg = Debug|Any CPU
		{255253A7-7608-4870-93D0-78008BCFCC28}.Debug|x86.Build.0 = Debug|Any CPU
		{255253A7-7608-4870-93D0-78008BCFCC28}.Release|Any CPU.ActiveCfg = Release|Any CPU
		{255253A7-7608-4870-93D0-78008BCFCC28}.Release|Any CPU.Build.0 = Release|Any CPU
		{255253A7-7608-4870-93D0-78008BCFCC28}.Release|x64.ActiveCfg = Release|Any CPU
		{255253A7-7608-4870-93D0-78008BCFCC28}.Release|x64.Build.0 = Release|Any CPU
		{255253A7-7608-4870-93D0-78008BCFCC28}.Release|x86.ActiveCfg = Release|Any CPU
		{255253A7-7608-4870-93D0-78008BCFCC28}.Release|x86.Build.0 = Release|Any CPU
		{2DD69F56-35EC-4D14-A1BF-B93B19750F69}.Debug|Any CPU.ActiveCfg = Debug|x86
		{2DD69F56-35EC-4D14-A1BF-B93B19750F69}.Debug|Any CPU.Build.0 = Debug|x86
		{2DD69F56-35EC-4D14-A1BF-B93B19750F69}.Debug|x64.ActiveCfg = Debug|x86
		{2DD69F56-35EC-4D14-A1BF-B93B19750F69}.Debug|x86.ActiveCfg = Debug|x86
		{2DD69F56-35EC-4D14-A1BF-B93B19750F69}.Debug|x86.Build.0 = Debug|x86
		{2DD69F56-35EC-4D14-A1BF-B93B19750F69}.Release|Any CPU.ActiveCfg = Release|x86
		{2DD69F56-35EC-4D14-A1BF-B93B19750F69}.Release|Any CPU.Build.0 = Release|x86
		{2DD69F56-35EC-4D14-A1BF-B93B19750F69}.Release|x64.ActiveCfg = Release|x86
		{2DD69F56-35EC-4D14-A1BF-B93B19750F69}.Release|x86.ActiveCfg = Release|x86
		{2DD69F56-35EC-4D14-A1BF-B93B19750F69}.Release|x86.Build.0 = Release|x86
		{52EBF464-611C-4F0D-8263-77A2C7001B13}.Debug|Any CPU.ActiveCfg = Debug|x64
		{52EBF464-611C-4F0D-8263-77A2C7001B13}.Debug|Any CPU.Build.0 = Debug|x64
		{52EBF464-611C-4F0D-8263-77A2C7001B13}.Debug|x64.ActiveCfg = Debug|x64
		{52EBF464-611C-4F0D-8263-77A2C7001B13}.Debug|x64.Build.0 = Debug|x64
		{52EBF464-611C-4F0D-8263-77A2C7001B13}.Debug|x86.ActiveCfg = Debug|x64
		{52EBF464-611C-4F0D-8263-77A2C7001B13}.Release|Any CPU.ActiveCfg = Release|x64
		{52EBF464-611C-4F0D-8263-77A2C7001B13}.Release|Any CPU.Build.0 = Release|x64
		{52EBF464-611C-4F0D-8263-77A2C7001B13}.Release|x64.ActiveCfg = Release|x64
		{52EBF464-611C-4F0D-8263-77A2C7001B13}.Release|x64.Build.0 = Release|x64
		{52EBF464-611C-4F0D-8263-77A2C7001B13}.Release|x86.ActiveCfg = Release|x64
		{BF6E7601-6F35-497F-89B1-9303B287914F}.Debug|Any CPU.ActiveCfg = Debug|Any CPU
		{BF6E7601-6F35-497F-89B1-9303B287914F}.Debug|Any CPU.Build.0 = Debug|Any CPU
		{BF6E7601-6F35-497F-89B1-9303B287914F}.Debug|x64.ActiveCfg = Debug|Any CPU
		{BF6E7601-6F35-497F-89B1-9303B287914F}.Debug|x64.Build.0 = Debug|Any CPU
		{BF6E7601-6F35-497F-89B1-9303B287914F}.Debug|x86.ActiveCfg = Debug|Any CPU
		{BF6E7601-6F35-497F-89B1-9303B287914F}.Debug|x86.Build.0 = Debug|Any CPU
		{BF6E7601-6F35-497F-89B1-9303B287914F}.Release|Any CPU.ActiveCfg = Release|Any CPU
		{BF6E7601-6F35-497F-89B1-9303B287914F}.Release|Any CPU.Build.0 = Release|Any CPU
		{BF6E7601-6F35-497F-89B1-9303B287914F}.Release|x64.ActiveCfg = Release|Any CPU
		{BF6E7601-6F35-497F-89B1-9303B287914F}.Release|x64.Build.0 = Release|Any CPU
		{BF6E7601-6F35-497F-89B1-9303B287914F}.Release|x86.ActiveCfg = Release|Any CPU
		{BF6E7601-6F35-497F-89B1-9303B287914F}.Release|x86.Build.0 = Release|Any CPU
		{82B54D1F-F988-480E-A30A-AE12C9FA3136}.Debug|Any CPU.ActiveCfg = Debug|Any CPU
		{82B54D1F-F988-480E-A30A-AE12C9FA3136}.Debug|Any CPU.Build.0 = Debug|Any CPU
		{82B54D1F-F988-480E-A30A-AE12C9FA3136}.Debug|x64.ActiveCfg = Debug|Any CPU
		{82B54D1F-F988-480E-A30A-AE12C9FA3136}.Debug|x64.Build.0 = Debug|Any CPU
		{82B54D1F-F988-480E-A30A-AE12C9FA3136}.Debug|x86.ActiveCfg = Debug|Any CPU
		{82B54D1F-F988-480E-A30A-AE12C9FA3136}.Debug|x86.Build.0 = Debug|Any CPU
		{82B54D1F-F988-480E-A30A-AE12C9FA3136}.Release|Any CPU.ActiveCfg = Release|Any CPU
		{82B54D1F-F988-480E-A30A-AE12C9FA3136}.Release|Any CPU.Build.0 = Release|Any CPU
		{82B54D1F-F988-480E-A30A-AE12C9FA3136}.Release|x64.ActiveCfg = Release|Any CPU
		{82B54D1F-F988-480E-A30A-AE12C9FA3136}.Release|x64.Build.0 = Release|Any CPU
		{82B54D1F-F988-480E-A30A-AE12C9FA3136}.Release|x86.ActiveCfg = Release|Any CPU
		{82B54D1F-F988-480E-A30A-AE12C9FA3136}.Release|x86.Build.0 = Release|Any CPU
		{1E597879-FED0-47BD-8710-78330D370699}.Debug|Any CPU.ActiveCfg = Debug|x86
		{1E597879-FED0-47BD-8710-78330D370699}.Debug|Any CPU.Build.0 = Debug|x86
		{1E597879-FED0-47BD-8710-78330D370699}.Debug|x64.ActiveCfg = Debug|x86
		{1E597879-FED0-47BD-8710-78330D370699}.Debug|x64.Build.0 = Debug|x86
		{1E597879-FED0-47BD-8710-78330D370699}.Debug|x86.ActiveCfg = Debug|Any CPU
		{1E597879-FED0-47BD-8710-78330D370699}.Debug|x86.Build.0 = Debug|Any CPU
		{1E597879-FED0-47BD-8710-78330D370699}.Release|Any CPU.ActiveCfg = Release|Any CPU
		{1E597879-FED0-47BD-8710-78330D370699}.Release|Any CPU.Build.0 = Release|Any CPU
		{1E597879-FED0-47BD-8710-78330D370699}.Release|x64.ActiveCfg = Release|Any CPU
		{1E597879-FED0-47BD-8710-78330D370699}.Release|x64.Build.0 = Release|Any CPU
		{1E597879-FED0-47BD-8710-78330D370699}.Release|x86.ActiveCfg = Release|Any CPU
		{1E597879-FED0-47BD-8710-78330D370699}.Release|x86.Build.0 = Release|Any CPU
		{FC3E32EA-710C-4440-BDDB-85F5CF1E0D95}.Debug|Any CPU.ActiveCfg = Debug|x64
		{FC3E32EA-710C-4440-BDDB-85F5CF1E0D95}.Debug|Any CPU.Build.0 = Debug|x64
		{FC3E32EA-710C-4440-BDDB-85F5CF1E0D95}.Debug|x64.ActiveCfg = Debug|x64
		{FC3E32EA-710C-4440-BDDB-85F5CF1E0D95}.Debug|x64.Build.0 = Debug|x64
		{FC3E32EA-710C-4440-BDDB-85F5CF1E0D95}.Debug|x86.ActiveCfg = Debug|Any CPU
		{FC3E32EA-710C-4440-BDDB-85F5CF1E0D95}.Debug|x86.Build.0 = Debug|Any CPU
		{FC3E32EA-710C-4440-BDDB-85F5CF1E0D95}.Release|Any CPU.ActiveCfg = Release|Any CPU
		{FC3E32EA-710C-4440-BDDB-85F5CF1E0D95}.Release|Any CPU.Build.0 = Release|Any CPU
		{FC3E32EA-710C-4440-BDDB-85F5CF1E0D95}.Release|x64.ActiveCfg = Release|Any CPU
		{FC3E32EA-710C-4440-BDDB-85F5CF1E0D95}.Release|x64.Build.0 = Release|Any CPU
		{FC3E32EA-710C-4440-BDDB-85F5CF1E0D95}.Release|x86.ActiveCfg = Release|Any CPU
		{FC3E32EA-710C-4440-BDDB-85F5CF1E0D95}.Release|x86.Build.0 = Release|Any CPU
		{595E88F2-B685-46BB-A9C7-538C1D8F7708}.Debug|Any CPU.ActiveCfg = Debug|Any CPU
		{595E88F2-B685-46BB-A9C7-538C1D8F7708}.Debug|Any CPU.Build.0 = Debug|Any CPU
		{595E88F2-B685-46BB-A9C7-538C1D8F7708}.Debug|x64.ActiveCfg = Debug|Any CPU
		{595E88F2-B685-46BB-A9C7-538C1D8F7708}.Debug|x64.Build.0 = Debug|Any CPU
		{595E88F2-B685-46BB-A9C7-538C1D8F7708}.Debug|x86.ActiveCfg = Debug|Any CPU
		{595E88F2-B685-46BB-A9C7-538C1D8F7708}.Debug|x86.Build.0 = Debug|Any CPU
		{595E88F2-B685-46BB-A9C7-538C1D8F7708}.Release|Any CPU.ActiveCfg = Release|Any CPU
		{595E88F2-B685-46BB-A9C7-538C1D8F7708}.Release|Any CPU.Build.0 = Release|Any CPU
		{595E88F2-B685-46BB-A9C7-538C1D8F7708}.Release|x64.ActiveCfg = Release|Any CPU
		{595E88F2-B685-46BB-A9C7-538C1D8F7708}.Release|x64.Build.0 = Release|Any CPU
		{595E88F2-B685-46BB-A9C7-538C1D8F7708}.Release|x86.ActiveCfg = Release|Any CPU
		{595E88F2-B685-46BB-A9C7-538C1D8F7708}.Release|x86.Build.0 = Release|Any CPU
		{B7C0A4F0-6181-432B-80B7-81AA1C41A628}.Debug|Any CPU.ActiveCfg = Debug|Any CPU
		{B7C0A4F0-6181-432B-80B7-81AA1C41A628}.Debug|Any CPU.Build.0 = Debug|Any CPU
		{B7C0A4F0-6181-432B-80B7-81AA1C41A628}.Debug|x64.ActiveCfg = Debug|Any CPU
		{B7C0A4F0-6181-432B-80B7-81AA1C41A628}.Debug|x64.Build.0 = Debug|Any CPU
		{B7C0A4F0-6181-432B-80B7-81AA1C41A628}.Debug|x86.ActiveCfg = Debug|Any CPU
		{B7C0A4F0-6181-432B-80B7-81AA1C41A628}.Debug|x86.Build.0 = Debug|Any CPU
		{B7C0A4F0-6181-432B-80B7-81AA1C41A628}.Release|Any CPU.ActiveCfg = Release|Any CPU
		{B7C0A4F0-6181-432B-80B7-81AA1C41A628}.Release|Any CPU.Build.0 = Release|Any CPU
		{B7C0A4F0-6181-432B-80B7-81AA1C41A628}.Release|x64.ActiveCfg = Release|Any CPU
		{B7C0A4F0-6181-432B-80B7-81AA1C41A628}.Release|x64.Build.0 = Release|Any CPU
		{B7C0A4F0-6181-432B-80B7-81AA1C41A628}.Release|x86.ActiveCfg = Release|Any CPU
		{B7C0A4F0-6181-432B-80B7-81AA1C41A628}.Release|x86.Build.0 = Release|Any CPU
		{5E8DF849-30D0-460A-81CB-C343D4D5536B}.Debug|Any CPU.ActiveCfg = Debug|Any CPU
		{5E8DF849-30D0-460A-81CB-C343D4D5536B}.Debug|Any CPU.Build.0 = Debug|Any CPU
		{5E8DF849-30D0-460A-81CB-C343D4D5536B}.Debug|x64.ActiveCfg = Debug|Any CPU
		{5E8DF849-30D0-460A-81CB-C343D4D5536B}.Debug|x64.Build.0 = Debug|Any CPU
		{5E8DF849-30D0-460A-81CB-C343D4D5536B}.Debug|x86.ActiveCfg = Debug|Any CPU
		{5E8DF849-30D0-460A-81CB-C343D4D5536B}.Debug|x86.Build.0 = Debug|Any CPU
		{5E8DF849-30D0-460A-81CB-C343D4D5536B}.Release|Any CPU.ActiveCfg = Release|Any CPU
		{5E8DF849-30D0-460A-81CB-C343D4D5536B}.Release|Any CPU.Build.0 = Release|Any CPU
		{5E8DF849-30D0-460A-81CB-C343D4D5536B}.Release|x64.ActiveCfg = Release|Any CPU
		{5E8DF849-30D0-460A-81CB-C343D4D5536B}.Release|x64.Build.0 = Release|Any CPU
		{5E8DF849-30D0-460A-81CB-C343D4D5536B}.Release|x86.ActiveCfg = Release|Any CPU
		{5E8DF849-30D0-460A-81CB-C343D4D5536B}.Release|x86.Build.0 = Release|Any CPU
	EndGlobalSection
	GlobalSection(SolutionProperties) = preSolution
		HideSolutionNode = FALSE
	EndGlobalSection
	GlobalSection(NestedProjects) = preSolution
		{FB7CB06D-2D84-4A04-BE62-EF54E2DC44A9} = {3EF903A9-C6EE-4846-919B-0A31F52DFAEC}
		{3D96E2F6-D66F-47A5-9A8B-421F2B3DA310} = {FB7CB06D-2D84-4A04-BE62-EF54E2DC44A9}
		{836D4878-B6F6-4C62-9F5B-807785B29E34} = {FB7CB06D-2D84-4A04-BE62-EF54E2DC44A9}
		{54CC71E7-1EE6-4214-B435-21E41B1C0053} = {FB7CB06D-2D84-4A04-BE62-EF54E2DC44A9}
		{7E516116-CBF9-4D83-B4B2-E1C0AC1B7074} = {FB7CB06D-2D84-4A04-BE62-EF54E2DC44A9}
		{DB6160F1-37A7-4096-8E02-9748D6225EFE} = {FB7CB06D-2D84-4A04-BE62-EF54E2DC44A9}
		{3423F1F2-984A-4946-AE90-8553413BBBDD} = {FB7CB06D-2D84-4A04-BE62-EF54E2DC44A9}
		{F10EA7DA-142C-42DB-A8CB-817F81A4A9E1} = {FB7CB06D-2D84-4A04-BE62-EF54E2DC44A9}
		{C5C19CD4-383D-4A2C-B55E-D3B8FF611A2D} = {497BC6C8-24A5-4713-8F10-EC2F873DF4E9}
		{255253A7-7608-4870-93D0-78008BCFCC28} = {497BC6C8-24A5-4713-8F10-EC2F873DF4E9}
		{2DD69F56-35EC-4D14-A1BF-B93B19750F69} = {497BC6C8-24A5-4713-8F10-EC2F873DF4E9}
		{52EBF464-611C-4F0D-8263-77A2C7001B13} = {497BC6C8-24A5-4713-8F10-EC2F873DF4E9}
		{82567CD8-0E98-4DB7-AB73-4FE05DDC0A34} = {3EF903A9-C6EE-4846-919B-0A31F52DFAEC}
		{BF6E7601-6F35-497F-89B1-9303B287914F} = {82567CD8-0E98-4DB7-AB73-4FE05DDC0A34}
		{82B54D1F-F988-480E-A30A-AE12C9FA3136} = {82567CD8-0E98-4DB7-AB73-4FE05DDC0A34}
		{1E597879-FED0-47BD-8710-78330D370699} = {FB7CB06D-2D84-4A04-BE62-EF54E2DC44A9}
		{FC3E32EA-710C-4440-BDDB-85F5CF1E0D95} = {FB7CB06D-2D84-4A04-BE62-EF54E2DC44A9}
		{595E88F2-B685-46BB-A9C7-538C1D8F7708} = {FB7CB06D-2D84-4A04-BE62-EF54E2DC44A9}
		{B7C0A4F0-6181-432B-80B7-81AA1C41A628} = {82567CD8-0E98-4DB7-AB73-4FE05DDC0A34}
		{4B7D008C-B948-4EA6-8C65-336896A8BD3F} = {54326C49-9DAE-4EA3-8B33-C9CCFB2CAECF}
		{5E8DF849-30D0-460A-81CB-C343D4D5536B} = {A4396AB5-9EE2-4B42-AB2A-0D9A12927E92}
	EndGlobalSection
	GlobalSection(ExtensibilityGlobals) = postSolution
		SolutionGuid = {AF811503-BFBF-48C0-AFBA-872CBA57D6F2}
	EndGlobalSection
	GlobalSection(SharedMSBuildProjectFiles) = preSolution
		samples\ConsoleApp\ConsoleApp.Shared\ConsoleApp.Shared.projitems*{1e597879-fed0-47bd-8710-78330d370699}*SharedItemsImports = 5
		tests\FileOnQ.Imaging.Heif.Tests\FileOnQ.Imaging.Heif.Tests.projitems*{255253a7-7608-4870-93d0-78008bcfcc28}*SharedItemsImports = 5
		tests\FileOnQ.Imaging.Heif.Tests\FileOnQ.Imaging.Heif.Tests.projitems*{2dd69f56-35ec-4d14-a1bf-b93b19750f69}*SharedItemsImports = 5
		samples\ConsoleApp\ConsoleApp.Shared\ConsoleApp.Shared.projitems*{3423f1f2-984a-4946-ae90-8553413bbbdd}*SharedItemsImports = 5
		samples\ConsoleApp\ConsoleApp.Shared\ConsoleApp.Shared.projitems*{3d96e2f6-d66f-47a5-9a8b-421f2b3da310}*SharedItemsImports = 5
		tests\FileOnQ.Imaging.Heif.Tests\FileOnQ.Imaging.Heif.Tests.projitems*{52ebf464-611c-4f0d-8263-77a2c7001b13}*SharedItemsImports = 5
		samples\ConsoleApp\ConsoleApp.Shared\ConsoleApp.Shared.projitems*{54cc71e7-1ee6-4214-b435-21e41b1c0053}*SharedItemsImports = 5
		samples\ConsoleApp\ConsoleApp.Shared\ConsoleApp.Shared.projitems*{595e88f2-b685-46bb-a9c7-538c1d8f7708}*SharedItemsImports = 5
		samples\ConsoleApp\ConsoleApp.Shared\ConsoleApp.Shared.projitems*{7e516116-cbf9-4d83-b4b2-e1c0ac1b7074}*SharedItemsImports = 5
		samples\ConsoleApp\ConsoleApp.Shared\ConsoleApp.Shared.projitems*{836d4878-b6f6-4c62-9f5b-807785b29e34}*SharedItemsImports = 5
		tests\FileOnQ.Imaging.Heif.Tests\FileOnQ.Imaging.Heif.Tests.projitems*{c5c19cd4-383d-4a2c-b55e-d3b8ff611a2d}*SharedItemsImports = 13
		samples\ConsoleApp\ConsoleApp.Shared\ConsoleApp.Shared.projitems*{db6160f1-37a7-4096-8e02-9748d6225efe}*SharedItemsImports = 5
		samples\ConsoleApp\ConsoleApp.Shared\ConsoleApp.Shared.projitems*{f10ea7da-142c-42db-a8cb-817f81a4a9e1}*SharedItemsImports = 13
		samples\ConsoleApp\ConsoleApp.Shared\ConsoleApp.Shared.projitems*{fc3e32ea-710c-4440-bddb-85f5cf1e0d95}*SharedItemsImports = 5
	EndGlobalSection
EndGlobal
