
Microsoft Visual Studio Solution File, Format Version 12.00
# Visual Studio Version 16
VisualStudioVersion = 16.0.30114.105
MinimumVisualStudioVersion = 10.0.40219.1
Project("{9A19103F-16F7-4668-BE54-9A1E7A4F7556}") = "FileOnQ.Imaging.Heif", "src\FileOnQ.Imaging.Heif\FileOnQ.Imaging.Heif.csproj", "{9AD1EDEC-092B-4086-B71F-1FA5C58BC59C}"
EndProject
Project("{2150E333-8FDC-42A3-9474-1A3956D46DE8}") = ".Solution Items", ".Solution Items", "{2DEB6E68-0A49-4956-93E3-93557F4F368D}"
	ProjectSection(SolutionItems) = preProject
		.editorconfig = .editorconfig
		.gitignore = .gitignore
		NuGet.config = NuGet.config
		README.md = README.md
	EndProjectSection
EndProject
Project("{2150E333-8FDC-42A3-9474-1A3956D46DE8}") = ".Build", ".Build", "{4457DFF1-DAC5-40AD-8E7B-E72A47AB9D7D}"
	ProjectSection(SolutionItems) = preProject
		build\dav1d.bat = build\dav1d.bat
		build\encoders.bat = build\encoders.bat
		build\libheif.bat = build\libheif.bat
		build\libjpeg-turbo.bat = build\libjpeg-turbo.bat
		build\nuget-local.props = build\nuget-local.props
	EndProjectSection
EndProject
Project("{2150E333-8FDC-42A3-9474-1A3956D46DE8}") = "Samples", "Samples", "{3EF903A9-C6EE-4846-919B-0A31F52DFAEC}"
EndProject
Project("{8BC9CEB8-8B4A-11D0-8D11-00A0C91BC942}") = "FileOnQ.Imaging.Heif.Encoders", "src\FileOnQ.Imaging.Heif.Encoders\FileOnQ.Imaging.Heif.Encoders.vcxproj", "{09C5AF2A-3783-4195-BE48-334ADC7BF3BD}"
EndProject
Project("{2150E333-8FDC-42A3-9474-1A3956D46DE8}") = "ConsoleApp", "ConsoleApp", "{FB7CB06D-2D84-4A04-BE62-EF54E2DC44A9}"
EndProject
Project("{9A19103F-16F7-4668-BE54-9A1E7A4F7556}") = "ConsoleApp.net5.AnyCPU", "samples\ConsoleApp\ConsoleApp.net5.AnyCPU\ConsoleApp.net5.AnyCPU.csproj", "{3D96E2F6-D66F-47A5-9A8B-421F2B3DA310}"
EndProject
Project("{9A19103F-16F7-4668-BE54-9A1E7A4F7556}") = "ConsoleApp.net5.x64", "samples\ConsoleApp\ConsoleApp.net5.x64\ConsoleApp.net5.x64.csproj", "{836D4878-B6F6-4C62-9F5B-807785B29E34}"
EndProject
Project("{9A19103F-16F7-4668-BE54-9A1E7A4F7556}") = "ConsoleApp.net5.x86", "samples\ConsoleApp\ConsoleApp.net5.x86\ConsoleApp.net5.x86.csproj", "{54CC71E7-1EE6-4214-B435-21E41B1C0053}"
EndProject
Project("{9A19103F-16F7-4668-BE54-9A1E7A4F7556}") = "ConsoleApp.net48.AnyCPU", "samples\ConsoleApp\ConsoleApp.net48.AnyCPU\ConsoleApp.net48.AnyCPU.csproj", "{7E516116-CBF9-4D83-B4B2-E1C0AC1B7074}"
EndProject
Project("{9A19103F-16F7-4668-BE54-9A1E7A4F7556}") = "ConsoleApp.net48.x64", "samples\ConsoleApp\ConsoleApp.net48.x64\ConsoleApp.net48.x64.csproj", "{DB6160F1-37A7-4096-8E02-9748D6225EFE}"
EndProject
Project("{9A19103F-16F7-4668-BE54-9A1E7A4F7556}") = "ConsoleApp.net48.x86", "samples\ConsoleApp\ConsoleApp.net48.x86\ConsoleApp.net48.x86.csproj", "{3423F1F2-984A-4946-AE90-8553413BBBDD}"
EndProject
Project("{D954291E-2A0B-460D-934E-DC6B0785DB48}") = "ConsoleApp.Shared", "samples\ConsoleApp\ConsoleApp.Shared\ConsoleApp.Shared.shproj", "{F10EA7DA-142C-42DB-A8CB-817F81A4A9E1}"
EndProject
Project("{2150E333-8FDC-42A3-9474-1A3956D46DE8}") = "Tests", "Tests", "{497BC6C8-24A5-4713-8F10-EC2F873DF4E9}"
EndProject
Project("{D954291E-2A0B-460D-934E-DC6B0785DB48}") = "FileOnQ.Imaging.Heif.Tests", "tests\FileOnQ.Imaging.Heif.Tests\FileOnQ.Imaging.Heif.Tests.shproj", "{C5C19CD4-383D-4A2C-B55E-D3B8FF611A2D}"
EndProject
Project("{9A19103F-16F7-4668-BE54-9A1E7A4F7556}") = "FileOnQ.Imaging.Heif.Tests.AnyCPU", "tests\FileOnQ.Imaging.Heif.Tests.AnyCPU\FileOnQ.Imaging.Heif.Tests.AnyCPU.csproj", "{255253A7-7608-4870-93D0-78008BCFCC28}"
EndProject
Project("{9A19103F-16F7-4668-BE54-9A1E7A4F7556}") = "FileOnQ.Imaging.Heif.Tests.x86", "tests\FileOnQ.Imaging.Heif.Tests.x86\FileOnQ.Imaging.Heif.Tests.x86.csproj", "{2DD69F56-35EC-4D14-A1BF-B93B19750F69}"
EndProject
Project("{9A19103F-16F7-4668-BE54-9A1E7A4F7556}") = "FileOnQ.Imaging.Heif.Tests.x64", "tests\FileOnQ.Imaging.Heif.Tests.x64\FileOnQ.Imaging.Heif.Tests.x64.csproj", "{52EBF464-611C-4F0D-8263-77A2C7001B13}"
EndProject
Project("{2150E333-8FDC-42A3-9474-1A3956D46DE8}") = "Benchmarks", "Benchmarks", "{A4396AB5-9EE2-4B42-AB2A-0D9A12927E92}"
EndProject
Project("{9A19103F-16F7-4668-BE54-9A1E7A4F7556}") = "FileOnQ.Imaging.Heif.Benchmarks", "benchmarks\tools\FileOnQ.Imaging.Heif.Benchmarks.csproj", "{91D2759F-7A60-438C-84C6-2097BBBE950B}"
EndProject
Global
	GlobalSection(SharedMSBuildProjectFiles) = preSolution
		tests\FileOnQ.Imaging.Heif.Tests\FileOnQ.Imaging.Heif.Tests.projitems*{255253a7-7608-4870-93d0-78008bcfcc28}*SharedItemsImports = 5
		tests\FileOnQ.Imaging.Heif.Tests\FileOnQ.Imaging.Heif.Tests.projitems*{2dd69f56-35ec-4d14-a1bf-b93b19750f69}*SharedItemsImports = 5
		samples\ConsoleApp\ConsoleApp.Shared\ConsoleApp.Shared.projitems*{3423f1f2-984a-4946-ae90-8553413bbbdd}*SharedItemsImports = 5
		samples\ConsoleApp\ConsoleApp.Shared\ConsoleApp.Shared.projitems*{3d96e2f6-d66f-47a5-9a8b-421f2b3da310}*SharedItemsImports = 5
		tests\FileOnQ.Imaging.Heif.Tests\FileOnQ.Imaging.Heif.Tests.projitems*{52ebf464-611c-4f0d-8263-77a2c7001b13}*SharedItemsImports = 5
		samples\ConsoleApp\ConsoleApp.Shared\ConsoleApp.Shared.projitems*{54cc71e7-1ee6-4214-b435-21e41b1c0053}*SharedItemsImports = 5
		samples\ConsoleApp\ConsoleApp.Shared\ConsoleApp.Shared.projitems*{7e516116-cbf9-4d83-b4b2-e1c0ac1b7074}*SharedItemsImports = 5
		samples\ConsoleApp\ConsoleApp.Shared\ConsoleApp.Shared.projitems*{836d4878-b6f6-4c62-9f5b-807785b29e34}*SharedItemsImports = 5
		tests\FileOnQ.Imaging.Heif.Tests\FileOnQ.Imaging.Heif.Tests.projitems*{c5c19cd4-383d-4a2c-b55e-d3b8ff611a2d}*SharedItemsImports = 13
		samples\ConsoleApp\ConsoleApp.Shared\ConsoleApp.Shared.projitems*{db6160f1-37a7-4096-8e02-9748d6225efe}*SharedItemsImports = 5
		samples\ConsoleApp\ConsoleApp.Shared\ConsoleApp.Shared.projitems*{f10ea7da-142c-42db-a8cb-817f81a4a9e1}*SharedItemsImports = 13
	EndGlobalSection
	GlobalSection(SolutionConfigurationPlatforms) = preSolution
		Debug|Any CPU = Debug|Any CPU
		Debug|x64 = Debug|x64
		Debug|x86 = Debug|x86
		Release|Any CPU = Release|Any CPU
		Release|x64 = Release|x64
		Release|x86 = Release|x86
	EndGlobalSection
	GlobalSection(ProjectConfigurationPlatforms) = postSolution
		{9AD1EDEC-092B-4086-B71F-1FA5C58BC59C}.Debug|Any CPU.ActiveCfg = Debug|Any CPU
		{9AD1EDEC-092B-4086-B71F-1FA5C58BC59C}.Debug|Any CPU.Build.0 = Debug|Any CPU
		{9AD1EDEC-092B-4086-B71F-1FA5C58BC59C}.Debug|x64.ActiveCfg = Debug|Any CPU
		{9AD1EDEC-092B-4086-B71F-1FA5C58BC59C}.Debug|x64.Build.0 = Debug|Any CPU
		{9AD1EDEC-092B-4086-B71F-1FA5C58BC59C}.Debug|x86.ActiveCfg = Debug|Any CPU
		{9AD1EDEC-092B-4086-B71F-1FA5C58BC59C}.Debug|x86.Build.0 = Debug|Any CPU
		{9AD1EDEC-092B-4086-B71F-1FA5C58BC59C}.Release|Any CPU.ActiveCfg = Release|Any CPU
		{9AD1EDEC-092B-4086-B71F-1FA5C58BC59C}.Release|Any CPU.Build.0 = Release|Any CPU
		{9AD1EDEC-092B-4086-B71F-1FA5C58BC59C}.Release|x64.ActiveCfg = Release|Any CPU
		{9AD1EDEC-092B-4086-B71F-1FA5C58BC59C}.Release|x64.Build.0 = Release|Any CPU
		{9AD1EDEC-092B-4086-B71F-1FA5C58BC59C}.Release|x86.ActiveCfg = Release|Any CPU
		{9AD1EDEC-092B-4086-B71F-1FA5C58BC59C}.Release|x86.Build.0 = Release|Any CPU
		{09C5AF2A-3783-4195-BE48-334ADC7BF3BD}.Debug|Any CPU.ActiveCfg = Debug|Win32
		{09C5AF2A-3783-4195-BE48-334ADC7BF3BD}.Debug|x64.ActiveCfg = Debug|x64
		{09C5AF2A-3783-4195-BE48-334ADC7BF3BD}.Debug|x86.ActiveCfg = Debug|Win32
		{09C5AF2A-3783-4195-BE48-334ADC7BF3BD}.Release|Any CPU.ActiveCfg = Release|Win32
		{09C5AF2A-3783-4195-BE48-334ADC7BF3BD}.Release|x64.ActiveCfg = Release|x64
		{09C5AF2A-3783-4195-BE48-334ADC7BF3BD}.Release|x64.Build.0 = Release|x64
		{09C5AF2A-3783-4195-BE48-334ADC7BF3BD}.Release|x86.ActiveCfg = Release|Win32
		{09C5AF2A-3783-4195-BE48-334ADC7BF3BD}.Release|x86.Build.0 = Release|Win32
		{3D96E2F6-D66F-47A5-9A8B-421F2B3DA310}.Debug|Any CPU.ActiveCfg = Debug|Any CPU
		{3D96E2F6-D66F-47A5-9A8B-421F2B3DA310}.Debug|Any CPU.Build.0 = Debug|Any CPU
		{3D96E2F6-D66F-47A5-9A8B-421F2B3DA310}.Debug|x64.ActiveCfg = Debug|Any CPU
		{3D96E2F6-D66F-47A5-9A8B-421F2B3DA310}.Debug|x64.Build.0 = Debug|Any CPU
		{3D96E2F6-D66F-47A5-9A8B-421F2B3DA310}.Debug|x86.ActiveCfg = Debug|Any CPU
		{3D96E2F6-D66F-47A5-9A8B-421F2B3DA310}.Debug|x86.Build.0 = Debug|Any CPU
		{3D96E2F6-D66F-47A5-9A8B-421F2B3DA310}.Release|Any CPU.ActiveCfg = Release|Any CPU
		{3D96E2F6-D66F-47A5-9A8B-421F2B3DA310}.Release|Any CPU.Build.0 = Release|Any CPU
		{3D96E2F6-D66F-47A5-9A8B-421F2B3DA310}.Release|x64.ActiveCfg = Release|Any CPU
		{3D96E2F6-D66F-47A5-9A8B-421F2B3DA310}.Release|x64.Build.0 = Release|Any CPU
		{3D96E2F6-D66F-47A5-9A8B-421F2B3DA310}.Release|x86.ActiveCfg = Release|Any CPU
		{3D96E2F6-D66F-47A5-9A8B-421F2B3DA310}.Release|x86.Build.0 = Release|Any CPU
		{836D4878-B6F6-4C62-9F5B-807785B29E34}.Debug|Any CPU.ActiveCfg = Debug|x64
		{836D4878-B6F6-4C62-9F5B-807785B29E34}.Debug|Any CPU.Build.0 = Debug|x64
		{836D4878-B6F6-4C62-9F5B-807785B29E34}.Debug|x64.ActiveCfg = Debug|x64
		{836D4878-B6F6-4C62-9F5B-807785B29E34}.Debug|x64.Build.0 = Debug|x64
		{836D4878-B6F6-4C62-9F5B-807785B29E34}.Debug|x86.ActiveCfg = Debug|x64
		{836D4878-B6F6-4C62-9F5B-807785B29E34}.Release|Any CPU.ActiveCfg = Release|x64
		{836D4878-B6F6-4C62-9F5B-807785B29E34}.Release|Any CPU.Build.0 = Release|x64
		{836D4878-B6F6-4C62-9F5B-807785B29E34}.Release|x64.ActiveCfg = Release|x64
		{836D4878-B6F6-4C62-9F5B-807785B29E34}.Release|x64.Build.0 = Release|x64
		{836D4878-B6F6-4C62-9F5B-807785B29E34}.Release|x86.ActiveCfg = Release|x64
		{54CC71E7-1EE6-4214-B435-21E41B1C0053}.Debug|Any CPU.ActiveCfg = Debug|x86
		{54CC71E7-1EE6-4214-B435-21E41B1C0053}.Debug|Any CPU.Build.0 = Debug|x86
		{54CC71E7-1EE6-4214-B435-21E41B1C0053}.Debug|x64.ActiveCfg = Debug|x86
		{54CC71E7-1EE6-4214-B435-21E41B1C0053}.Debug|x86.ActiveCfg = Debug|x86
		{54CC71E7-1EE6-4214-B435-21E41B1C0053}.Debug|x86.Build.0 = Debug|x86
		{54CC71E7-1EE6-4214-B435-21E41B1C0053}.Release|Any CPU.ActiveCfg = Release|x86
		{54CC71E7-1EE6-4214-B435-21E41B1C0053}.Release|x64.ActiveCfg = Release|x86
		{54CC71E7-1EE6-4214-B435-21E41B1C0053}.Release|x86.ActiveCfg = Release|x86
		{54CC71E7-1EE6-4214-B435-21E41B1C0053}.Release|x86.Build.0 = Release|x86
		{7E516116-CBF9-4D83-B4B2-E1C0AC1B7074}.Debug|Any CPU.ActiveCfg = Debug|Any CPU
		{7E516116-CBF9-4D83-B4B2-E1C0AC1B7074}.Debug|Any CPU.Build.0 = Debug|Any CPU
		{7E516116-CBF9-4D83-B4B2-E1C0AC1B7074}.Debug|x64.ActiveCfg = Debug|Any CPU
		{7E516116-CBF9-4D83-B4B2-E1C0AC1B7074}.Debug|x64.Build.0 = Debug|Any CPU
		{7E516116-CBF9-4D83-B4B2-E1C0AC1B7074}.Debug|x86.ActiveCfg = Debug|Any CPU
		{7E516116-CBF9-4D83-B4B2-E1C0AC1B7074}.Debug|x86.Build.0 = Debug|Any CPU
		{7E516116-CBF9-4D83-B4B2-E1C0AC1B7074}.Release|Any CPU.ActiveCfg = Release|Any CPU
		{7E516116-CBF9-4D83-B4B2-E1C0AC1B7074}.Release|Any CPU.Build.0 = Release|Any CPU
		{7E516116-CBF9-4D83-B4B2-E1C0AC1B7074}.Release|x64.ActiveCfg = Release|Any CPU
		{7E516116-CBF9-4D83-B4B2-E1C0AC1B7074}.Release|x64.Build.0 = Release|Any CPU
		{7E516116-CBF9-4D83-B4B2-E1C0AC1B7074}.Release|x86.ActiveCfg = Release|Any CPU
		{7E516116-CBF9-4D83-B4B2-E1C0AC1B7074}.Release|x86.Build.0 = Release|Any CPU
		{DB6160F1-37A7-4096-8E02-9748D6225EFE}.Debug|Any CPU.ActiveCfg = Debug|x64
		{DB6160F1-37A7-4096-8E02-9748D6225EFE}.Debug|Any CPU.Build.0 = Debug|x64
		{DB6160F1-37A7-4096-8E02-9748D6225EFE}.Debug|x64.ActiveCfg = Debug|x64
		{DB6160F1-37A7-4096-8E02-9748D6225EFE}.Debug|x64.Build.0 = Debug|x64
		{DB6160F1-37A7-4096-8E02-9748D6225EFE}.Debug|x86.ActiveCfg = Debug|x64
		{DB6160F1-37A7-4096-8E02-9748D6225EFE}.Release|Any CPU.ActiveCfg = Release|x64
		{DB6160F1-37A7-4096-8E02-9748D6225EFE}.Release|Any CPU.Build.0 = Release|x64
		{DB6160F1-37A7-4096-8E02-9748D6225EFE}.Release|x64.ActiveCfg = Release|x64
		{DB6160F1-37A7-4096-8E02-9748D6225EFE}.Release|x64.Build.0 = Release|x64
		{DB6160F1-37A7-4096-8E02-9748D6225EFE}.Release|x86.ActiveCfg = Release|x64
		{3423F1F2-984A-4946-AE90-8553413BBBDD}.Debug|Any CPU.ActiveCfg = Debug|x86
		{3423F1F2-984A-4946-AE90-8553413BBBDD}.Debug|Any CPU.Build.0 = Debug|x86
		{3423F1F2-984A-4946-AE90-8553413BBBDD}.Debug|x64.ActiveCfg = Debug|x86
		{3423F1F2-984A-4946-AE90-8553413BBBDD}.Debug|x86.ActiveCfg = Debug|x86
		{3423F1F2-984A-4946-AE90-8553413BBBDD}.Debug|x86.Build.0 = Debug|x86
		{3423F1F2-984A-4946-AE90-8553413BBBDD}.Release|Any CPU.ActiveCfg = Release|x86
		{3423F1F2-984A-4946-AE90-8553413BBBDD}.Release|Any CPU.Build.0 = Release|x86
		{3423F1F2-984A-4946-AE90-8553413BBBDD}.Release|x64.ActiveCfg = Release|x86
		{3423F1F2-984A-4946-AE90-8553413BBBDD}.Release|x86.ActiveCfg = Release|x86
		{3423F1F2-984A-4946-AE90-8553413BBBDD}.Release|x86.Build.0 = Release|x86
		{255253A7-7608-4870-93D0-78008BCFCC28}.Debug|Any CPU.ActiveCfg = Debug|Any CPU
		{255253A7-7608-4870-93D0-78008BCFCC28}.Debug|Any CPU.Build.0 = Debug|Any CPU
		{255253A7-7608-4870-93D0-78008BCFCC28}.Debug|x64.ActiveCfg = Debug|Any CPU
		{255253A7-7608-4870-93D0-78008BCFCC28}.Debug|x64.Build.0 = Debug|Any CPU
		{255253A7-7608-4870-93D0-78008BCFCC28}.Debug|x86.ActiveCfg = Debug|Any CPU
		{255253A7-7608-4870-93D0-78008BCFCC28}.Debug|x86.Build.0 = Debug|Any CPU
		{255253A7-7608-4870-93D0-78008BCFCC28}.Release|Any CPU.ActiveCfg = Release|Any CPU
		{255253A7-7608-4870-93D0-78008BCFCC28}.Release|Any CPU.Build.0 = Release|Any CPU
		{255253A7-7608-4870-93D0-78008BCFCC28}.Release|x64.ActiveCfg = Release|Any CPU
		{255253A7-7608-4870-93D0-78008BCFCC28}.Release|x64.Build.0 = Release|Any CPU
		{255253A7-7608-4870-93D0-78008BCFCC28}.Release|x86.ActiveCfg = Release|Any CPU
		{255253A7-7608-4870-93D0-78008BCFCC28}.Release|x86.Build.0 = Release|Any CPU
		{2DD69F56-35EC-4D14-A1BF-B93B19750F69}.Debug|Any CPU.ActiveCfg = Debug|x86
		{2DD69F56-35EC-4D14-A1BF-B93B19750F69}.Debug|Any CPU.Build.0 = Debug|x86
		{2DD69F56-35EC-4D14-A1BF-B93B19750F69}.Debug|x64.ActiveCfg = Debug|x86
		{2DD69F56-35EC-4D14-A1BF-B93B19750F69}.Debug|x86.ActiveCfg = Debug|x86
		{2DD69F56-35EC-4D14-A1BF-B93B19750F69}.Debug|x86.Build.0 = Debug|x86
		{2DD69F56-35EC-4D14-A1BF-B93B19750F69}.Release|Any CPU.ActiveCfg = Release|Any CPU
		{2DD69F56-35EC-4D14-A1BF-B93B19750F69}.Release|Any CPU.Build.0 = Release|Any CPU
		{2DD69F56-35EC-4D14-A1BF-B93B19750F69}.Release|x64.ActiveCfg = Release|x86
		{2DD69F56-35EC-4D14-A1BF-B93B19750F69}.Release|x86.ActiveCfg = Release|x86
		{2DD69F56-35EC-4D14-A1BF-B93B19750F69}.Release|x86.Build.0 = Release|x86
		{52EBF464-611C-4F0D-8263-77A2C7001B13}.Debug|Any CPU.ActiveCfg = Debug|x64
		{52EBF464-611C-4F0D-8263-77A2C7001B13}.Debug|Any CPU.Build.0 = Debug|x64
		{52EBF464-611C-4F0D-8263-77A2C7001B13}.Debug|x64.ActiveCfg = Debug|x64
		{52EBF464-611C-4F0D-8263-77A2C7001B13}.Debug|x64.Build.0 = Debug|x64
		{52EBF464-611C-4F0D-8263-77A2C7001B13}.Debug|x86.ActiveCfg = Debug|x64
		{52EBF464-611C-4F0D-8263-77A2C7001B13}.Release|Any CPU.ActiveCfg = Release|Any CPU
		{52EBF464-611C-4F0D-8263-77A2C7001B13}.Release|Any CPU.Build.0 = Release|Any CPU
		{52EBF464-611C-4F0D-8263-77A2C7001B13}.Release|x64.ActiveCfg = Release|x64
		{52EBF464-611C-4F0D-8263-77A2C7001B13}.Release|x64.Build.0 = Release|x64
		{52EBF464-611C-4F0D-8263-77A2C7001B13}.Release|x86.ActiveCfg = Release|x64
		{91D2759F-7A60-438C-84C6-2097BBBE950B}.Debug|Any CPU.ActiveCfg = Debug|Any CPU
		{91D2759F-7A60-438C-84C6-2097BBBE950B}.Debug|Any CPU.Build.0 = Debug|Any CPU
		{91D2759F-7A60-438C-84C6-2097BBBE950B}.Debug|x64.ActiveCfg = Debug|Any CPU
		{91D2759F-7A60-438C-84C6-2097BBBE950B}.Debug|x64.Build.0 = Debug|Any CPU
		{91D2759F-7A60-438C-84C6-2097BBBE950B}.Debug|x86.ActiveCfg = Debug|Any CPU
		{91D2759F-7A60-438C-84C6-2097BBBE950B}.Debug|x86.Build.0 = Debug|Any CPU
		{91D2759F-7A60-438C-84C6-2097BBBE950B}.Release|Any CPU.ActiveCfg = Release|Any CPU
		{91D2759F-7A60-438C-84C6-2097BBBE950B}.Release|Any CPU.Build.0 = Release|Any CPU
		{91D2759F-7A60-438C-84C6-2097BBBE950B}.Release|x64.ActiveCfg = Release|Any CPU
		{91D2759F-7A60-438C-84C6-2097BBBE950B}.Release|x64.Build.0 = Release|Any CPU
		{91D2759F-7A60-438C-84C6-2097BBBE950B}.Release|x86.ActiveCfg = Release|Any CPU
		{91D2759F-7A60-438C-84C6-2097BBBE950B}.Release|x86.Build.0 = Release|Any CPU
	EndGlobalSection
	GlobalSection(SolutionProperties) = preSolution
		HideSolutionNode = FALSE
	EndGlobalSection
	GlobalSection(NestedProjects) = preSolution
		{FB7CB06D-2D84-4A04-BE62-EF54E2DC44A9} = {3EF903A9-C6EE-4846-919B-0A31F52DFAEC}
		{3D96E2F6-D66F-47A5-9A8B-421F2B3DA310} = {FB7CB06D-2D84-4A04-BE62-EF54E2DC44A9}
		{836D4878-B6F6-4C62-9F5B-807785B29E34} = {FB7CB06D-2D84-4A04-BE62-EF54E2DC44A9}
		{54CC71E7-1EE6-4214-B435-21E41B1C0053} = {FB7CB06D-2D84-4A04-BE62-EF54E2DC44A9}
		{7E516116-CBF9-4D83-B4B2-E1C0AC1B7074} = {FB7CB06D-2D84-4A04-BE62-EF54E2DC44A9}
		{DB6160F1-37A7-4096-8E02-9748D6225EFE} = {FB7CB06D-2D84-4A04-BE62-EF54E2DC44A9}
		{3423F1F2-984A-4946-AE90-8553413BBBDD} = {FB7CB06D-2D84-4A04-BE62-EF54E2DC44A9}
		{F10EA7DA-142C-42DB-A8CB-817F81A4A9E1} = {FB7CB06D-2D84-4A04-BE62-EF54E2DC44A9}
		{C5C19CD4-383D-4A2C-B55E-D3B8FF611A2D} = {497BC6C8-24A5-4713-8F10-EC2F873DF4E9}
		{255253A7-7608-4870-93D0-78008BCFCC28} = {497BC6C8-24A5-4713-8F10-EC2F873DF4E9}
		{2DD69F56-35EC-4D14-A1BF-B93B19750F69} = {497BC6C8-24A5-4713-8F10-EC2F873DF4E9}
		{52EBF464-611C-4F0D-8263-77A2C7001B13} = {497BC6C8-24A5-4713-8F10-EC2F873DF4E9}
		{91D2759F-7A60-438C-84C6-2097BBBE950B} = {A4396AB5-9EE2-4B42-AB2A-0D9A12927E92}
	EndGlobalSection
	GlobalSection(ExtensibilityGlobals) = postSolution
		SolutionGuid = {AF811503-BFBF-48C0-AFBA-872CBA57D6F2}
	EndGlobalSection
EndGlobal
